// !$*UTF8*$!
{
	archiveVersion = 1;
	classes = {
	};
	objectVersion = 46;
	objects = {

/* Begin PBXBuildFile section */
		60E443691999B44C00E2A4F1 /* Foundation.framework in Frameworks */ = {isa = PBXBuildFile; fileRef = 60E443681999B44C00E2A4F1 /* Foundation.framework */; };
		60E4436B1999B44C00E2A4F1 /* CoreGraphics.framework in Frameworks */ = {isa = PBXBuildFile; fileRef = 60E4436A1999B44C00E2A4F1 /* CoreGraphics.framework */; };
		60E4436D1999B44C00E2A4F1 /* UIKit.framework in Frameworks */ = {isa = PBXBuildFile; fileRef = 60E4436C1999B44C00E2A4F1 /* UIKit.framework */; };
		60E443731999B44C00E2A4F1 /* InfoPlist.strings in Resources */ = {isa = PBXBuildFile; fileRef = 60E443711999B44C00E2A4F1 /* InfoPlist.strings */; };
		60E443751999B44C00E2A4F1 /* main.m in Sources */ = {isa = PBXBuildFile; fileRef = 60E443741999B44C00E2A4F1 /* main.m */; };
		60E443791999B44C00E2A4F1 /* AppDelegate.m in Sources */ = {isa = PBXBuildFile; fileRef = 60E443781999B44C00E2A4F1 /* AppDelegate.m */; };
		60E4437B1999B44C00E2A4F1 /* Images.xcassets in Resources */ = {isa = PBXBuildFile; fileRef = 60E4437A1999B44C00E2A4F1 /* Images.xcassets */; };
		60E443821999B44D00E2A4F1 /* XCTest.framework in Frameworks */ = {isa = PBXBuildFile; fileRef = 60E443811999B44D00E2A4F1 /* XCTest.framework */; };
		60E443831999B44D00E2A4F1 /* Foundation.framework in Frameworks */ = {isa = PBXBuildFile; fileRef = 60E443681999B44C00E2A4F1 /* Foundation.framework */; };
		60E443841999B44D00E2A4F1 /* UIKit.framework in Frameworks */ = {isa = PBXBuildFile; fileRef = 60E4436C1999B44C00E2A4F1 /* UIKit.framework */; };
		60E4438C1999B44D00E2A4F1 /* InfoPlist.strings in Resources */ = {isa = PBXBuildFile; fileRef = 60E4438A1999B44D00E2A4F1 /* InfoPlist.strings */; };
		60E4438E1999B44D00E2A4F1 /* WumboTests.m in Sources */ = {isa = PBXBuildFile; fileRef = 60E4438D1999B44D00E2A4F1 /* WumboTests.m */; };
		60E4439819AA9F8C00E2A4F1 /* (null) in Resources */ = {isa = PBXBuildFile; };
		EB2FBD9A19AA9ED9007AACCF /* Storyboard.storyboard in Resources */ = {isa = PBXBuildFile; fileRef = EB2FBD9919AA9ED9007AACCF /* Storyboard.storyboard */; };
		EB2FBD9D19AAA1D6007AACCF /* MainPage.m in Sources */ = {isa = PBXBuildFile; fileRef = EB2FBD9C19AAA1D6007AACCF /* MainPage.m */; };
		EB2FBD9F19AAA319007AACCF /* View.xib in Resources */ = {isa = PBXBuildFile; fileRef = EB2FBD9E19AAA319007AACCF /* View.xib */; };
/* End PBXBuildFile section */

/* Begin PBXContainerItemProxy section */
		60E443851999B44D00E2A4F1 /* PBXContainerItemProxy */ = {
			isa = PBXContainerItemProxy;
			containerPortal = 60E4435D1999B44C00E2A4F1 /* Project object */;
			proxyType = 1;
			remoteGlobalIDString = 60E443641999B44C00E2A4F1;
			remoteInfo = Wumbo;
		};
/* End PBXContainerItemProxy section */

/* Begin PBXFileReference section */
		60E443651999B44C00E2A4F1 /* Wumbo.app */ = {isa = PBXFileReference; explicitFileType = wrapper.application; includeInIndex = 0; path = Wumbo.app; sourceTree = BUILT_PRODUCTS_DIR; };
		60E443681999B44C00E2A4F1 /* Foundation.framework */ = {isa = PBXFileReference; lastKnownFileType = wrapper.framework; name = Foundation.framework; path = System/Library/Frameworks/Foundation.framework; sourceTree = SDKROOT; };
		60E4436A1999B44C00E2A4F1 /* CoreGraphics.framework */ = {isa = PBXFileReference; lastKnownFileType = wrapper.framework; name = CoreGraphics.framework; path = System/Library/Frameworks/CoreGraphics.framework; sourceTree = SDKROOT; };
		60E4436C1999B44C00E2A4F1 /* UIKit.framework */ = {isa = PBXFileReference; lastKnownFileType = wrapper.framework; name = UIKit.framework; path = System/Library/Frameworks/UIKit.framework; sourceTree = SDKROOT; };
		60E443701999B44C00E2A4F1 /* Wumbo-Info.plist */ = {isa = PBXFileReference; lastKnownFileType = text.plist.xml; path = "Wumbo-Info.plist"; sourceTree = "<group>"; };
		60E443721999B44C00E2A4F1 /* en */ = {isa = PBXFileReference; lastKnownFileType = text.plist.strings; name = en; path = en.lproj/InfoPlist.strings; sourceTree = "<group>"; };
		60E443741999B44C00E2A4F1 /* main.m */ = {isa = PBXFileReference; lastKnownFileType = sourcecode.c.objc; path = main.m; sourceTree = "<group>"; };
		60E443761999B44C00E2A4F1 /* Wumbo-Prefix.pch */ = {isa = PBXFileReference; lastKnownFileType = sourcecode.c.h; path = "Wumbo-Prefix.pch"; sourceTree = "<group>"; };
		60E443771999B44C00E2A4F1 /* AppDelegate.h */ = {isa = PBXFileReference; lastKnownFileType = sourcecode.c.h; path = AppDelegate.h; sourceTree = "<group>"; };
		60E443781999B44C00E2A4F1 /* AppDelegate.m */ = {isa = PBXFileReference; lastKnownFileType = sourcecode.c.objc; path = AppDelegate.m; sourceTree = "<group>"; };
		60E4437A1999B44C00E2A4F1 /* Images.xcassets */ = {isa = PBXFileReference; lastKnownFileType = folder.assetcatalog; path = Images.xcassets; sourceTree = "<group>"; };
		60E443801999B44D00E2A4F1 /* WumboTests.xctest */ = {isa = PBXFileReference; explicitFileType = wrapper.cfbundle; includeInIndex = 0; path = WumboTests.xctest; sourceTree = BUILT_PRODUCTS_DIR; };
		60E443811999B44D00E2A4F1 /* XCTest.framework */ = {isa = PBXFileReference; lastKnownFileType = wrapper.framework; name = XCTest.framework; path = Library/Frameworks/XCTest.framework; sourceTree = DEVELOPER_DIR; };
		60E443891999B44D00E2A4F1 /* WumboTests-Info.plist */ = {isa = PBXFileReference; lastKnownFileType = text.plist.xml; path = "WumboTests-Info.plist"; sourceTree = "<group>"; };
		60E4438B1999B44D00E2A4F1 /* en */ = {isa = PBXFileReference; lastKnownFileType = text.plist.strings; name = en; path = en.lproj/InfoPlist.strings; sourceTree = "<group>"; };
		60E4438D1999B44D00E2A4F1 /* WumboTests.m */ = {isa = PBXFileReference; lastKnownFileType = sourcecode.c.objc; path = WumboTests.m; sourceTree = "<group>"; };
		EB2FBD9919AA9ED9007AACCF /* Storyboard.storyboard */ = {isa = PBXFileReference; fileEncoding = 4; lastKnownFileType = file.storyboard; path = Storyboard.storyboard; sourceTree = "<group>"; };
		EB2FBD9B19AAA1D6007AACCF /* MainPage.h */ = {isa = PBXFileReference; fileEncoding = 4; lastKnownFileType = sourcecode.c.h; path = MainPage.h; sourceTree = "<group>"; };
		EB2FBD9C19AAA1D6007AACCF /* MainPage.m */ = {isa = PBXFileReference; fileEncoding = 4; lastKnownFileType = sourcecode.c.objc; path = MainPage.m; sourceTree = "<group>"; };
		EB2FBD9E19AAA319007AACCF /* View.xib */ = {isa = PBXFileReference; fileEncoding = 4; lastKnownFileType = file.xib; path = View.xib; sourceTree = "<group>"; };
/* End PBXFileReference section */

/* Begin PBXFrameworksBuildPhase section */
		60E443621999B44C00E2A4F1 /* Frameworks */ = {
			isa = PBXFrameworksBuildPhase;
			buildActionMask = 2147483647;
			files = (
				60E4436B1999B44C00E2A4F1 /* CoreGraphics.framework in Frameworks */,
				60E4436D1999B44C00E2A4F1 /* UIKit.framework in Frameworks */,
				60E443691999B44C00E2A4F1 /* Foundation.framework in Frameworks */,
			);
			runOnlyForDeploymentPostprocessing = 0;
		};
		60E4437D1999B44D00E2A4F1 /* Frameworks */ = {
			isa = PBXFrameworksBuildPhase;
			buildActionMask = 2147483647;
			files = (
				60E443821999B44D00E2A4F1 /* XCTest.framework in Frameworks */,
				60E443841999B44D00E2A4F1 /* UIKit.framework in Frameworks */,
				60E443831999B44D00E2A4F1 /* Foundation.framework in Frameworks */,
			);
			runOnlyForDeploymentPostprocessing = 0;
		};
/* End PBXFrameworksBuildPhase section */

/* Begin PBXGroup section */
		60E4435C1999B44C00E2A4F1 = {
			isa = PBXGroup;
			children = (
				EB2FBD9E19AAA319007AACCF /* View.xib */,
				60E4436E1999B44C00E2A4F1 /* Wumbo */,
				60E443871999B44D00E2A4F1 /* WumboTests */,
				60E443671999B44C00E2A4F1 /* Frameworks */,
				60E443661999B44C00E2A4F1 /* Products */,
			);
			sourceTree = "<group>";
		};
		60E443661999B44C00E2A4F1 /* Products */ = {
			isa = PBXGroup;
			children = (
				60E443651999B44C00E2A4F1 /* Wumbo.app */,
				60E443801999B44D00E2A4F1 /* WumboTests.xctest */,
			);
			name = Products;
			sourceTree = "<group>";
		};
		60E443671999B44C00E2A4F1 /* Frameworks */ = {
			isa = PBXGroup;
			children = (
				60E443681999B44C00E2A4F1 /* Foundation.framework */,
				60E4436A1999B44C00E2A4F1 /* CoreGraphics.framework */,
				60E4436C1999B44C00E2A4F1 /* UIKit.framework */,
				60E443811999B44D00E2A4F1 /* XCTest.framework */,
			);
			name = Frameworks;
			sourceTree = "<group>";
		};
		60E4436E1999B44C00E2A4F1 /* Wumbo */ = {
			isa = PBXGroup;
			children = (
				60E443771999B44C00E2A4F1 /* AppDelegate.h */,
				60E443781999B44C00E2A4F1 /* AppDelegate.m */,
				60E4437A1999B44C00E2A4F1 /* Images.xcassets */,
				60E4436F1999B44C00E2A4F1 /* Supporting Files */,
				EB2FBD9919AA9ED9007AACCF /* Storyboard.storyboard */,
				EB2FBD9B19AAA1D6007AACCF /* MainPage.h */,
				EB2FBD9C19AAA1D6007AACCF /* MainPage.m */,
			);
			path = Wumbo;
			sourceTree = "<group>";
		};
		60E4436F1999B44C00E2A4F1 /* Supporting Files */ = {
			isa = PBXGroup;
			children = (
				60E443701999B44C00E2A4F1 /* Wumbo-Info.plist */,
				60E443711999B44C00E2A4F1 /* InfoPlist.strings */,
				60E443741999B44C00E2A4F1 /* main.m */,
				60E443761999B44C00E2A4F1 /* Wumbo-Prefix.pch */,
			);
			name = "Supporting Files";
			sourceTree = "<group>";
		};
		60E443871999B44D00E2A4F1 /* WumboTests */ = {
			isa = PBXGroup;
			children = (
				60E4438D1999B44D00E2A4F1 /* WumboTests.m */,
				60E443881999B44D00E2A4F1 /* Supporting Files */,
			);
			path = WumboTests;
			sourceTree = "<group>";
		};
		60E443881999B44D00E2A4F1 /* Supporting Files */ = {
			isa = PBXGroup;
			children = (
				60E443891999B44D00E2A4F1 /* WumboTests-Info.plist */,
				60E4438A1999B44D00E2A4F1 /* InfoPlist.strings */,
			);
			name = "Supporting Files";
			sourceTree = "<group>";
		};
/* End PBXGroup section */

/* Begin PBXNativeTarget section */
		60E443641999B44C00E2A4F1 /* Wumbo */ = {
			isa = PBXNativeTarget;
			buildConfigurationList = 60E443911999B44D00E2A4F1 /* Build configuration list for PBXNativeTarget "Wumbo" */;
			buildPhases = (
				60E443611999B44C00E2A4F1 /* Sources */,
				60E443621999B44C00E2A4F1 /* Frameworks */,
				60E443631999B44C00E2A4F1 /* Resources */,
			);
			buildRules = (
			);
			dependencies = (
			);
			name = Wumbo;
			productName = Wumbo;
			productReference = 60E443651999B44C00E2A4F1 /* Wumbo.app */;
			productType = "com.apple.product-type.application";
		};
		60E4437F1999B44D00E2A4F1 /* WumboTests */ = {
			isa = PBXNativeTarget;
			buildConfigurationList = 60E443941999B44D00E2A4F1 /* Build configuration list for PBXNativeTarget "WumboTests" */;
			buildPhases = (
				60E4437C1999B44D00E2A4F1 /* Sources */,
				60E4437D1999B44D00E2A4F1 /* Frameworks */,
				60E4437E1999B44D00E2A4F1 /* Resources */,
			);
			buildRules = (
			);
			dependencies = (
				60E443861999B44D00E2A4F1 /* PBXTargetDependency */,
			);
			name = WumboTests;
			productName = WumboTests;
			productReference = 60E443801999B44D00E2A4F1 /* WumboTests.xctest */;
			productType = "com.apple.product-type.bundle.unit-test";
		};
/* End PBXNativeTarget section */

/* Begin PBXProject section */
		60E4435D1999B44C00E2A4F1 /* Project object */ = {
			isa = PBXProject;
			attributes = {
				LastUpgradeCheck = 0510;
				ORGANIZATIONNAME = Accusoft;
				TargetAttributes = {
					60E4437F1999B44D00E2A4F1 = {
						TestTargetID = 60E443641999B44C00E2A4F1;
					};
				};
			};
			buildConfigurationList = 60E443601999B44C00E2A4F1 /* Build configuration list for PBXProject "Wumbo" */;
			compatibilityVersion = "Xcode 3.2";
			developmentRegion = English;
			hasScannedForEncodings = 0;
			knownRegions = (
				en,
			);
			mainGroup = 60E4435C1999B44C00E2A4F1;
			productRefGroup = 60E443661999B44C00E2A4F1 /* Products */;
			projectDirPath = "";
			projectRoot = "";
			targets = (
				60E443641999B44C00E2A4F1 /* Wumbo */,
				60E4437F1999B44D00E2A4F1 /* WumboTests */,
			);
		};
/* End PBXProject section */

/* Begin PBXResourcesBuildPhase section */
		60E443631999B44C00E2A4F1 /* Resources */ = {
			isa = PBXResourcesBuildPhase;
			buildActionMask = 2147483647;
			files = (
				60E443731999B44C00E2A4F1 /* InfoPlist.strings in Resources */,
				EB2FBD9F19AAA319007AACCF /* View.xib in Resources */,
				60E4439819AA9F8C00E2A4F1 /* (null) in Resources */,
				60E4437B1999B44C00E2A4F1 /* Images.xcassets in Resources */,
				EB2FBD9A19AA9ED9007AACCF /* Storyboard.storyboard in Resources */,
			);
			runOnlyForDeploymentPostprocessing = 0;
		};
		60E4437E1999B44D00E2A4F1 /* Resources */ = {
			isa = PBXResourcesBuildPhase;
			buildActionMask = 2147483647;
			files = (
				60E4438C1999B44D00E2A4F1 /* InfoPlist.strings in Resources */,
			);
			runOnlyForDeploymentPostprocessing = 0;
		};
/* End PBXResourcesBuildPhase section */

/* Begin PBXSourcesBuildPhase section */
		60E443611999B44C00E2A4F1 /* Sources */ = {
			isa = PBXSourcesBuildPhase;
			buildActionMask = 2147483647;
			files = (
				EB2FBD9D19AAA1D6007AACCF /* MainPage.m in Sources */,
				60E443791999B44C00E2A4F1 /* AppDelegate.m in Sources */,
				60E443751999B44C00E2A4F1 /* main.m in Sources */,
			);
			runOnlyForDeploymentPostprocessing = 0;
		};
		60E4437C1999B44D00E2A4F1 /* Sources */ = {
			isa = PBXSourcesBuildPhase;
			buildActionMask = 2147483647;
			files = (
				60E4438E1999B44D00E2A4F1 /* WumboTests.m in Sources */,
			);
			runOnlyForDeploymentPostprocessing = 0;
		};
/* End PBXSourcesBuildPhase section */

/* Begin PBXTargetDependency section */
		60E443861999B44D00E2A4F1 /* PBXTargetDependency */ = {
			isa = PBXTargetDependency;
			target = 60E443641999B44C00E2A4F1 /* Wumbo */;
			targetProxy = 60E443851999B44D00E2A4F1 /* PBXContainerItemProxy */;
		};
/* End PBXTargetDependency section */

/* Begin PBXVariantGroup section */
		60E443711999B44C00E2A4F1 /* InfoPlist.strings */ = {
			isa = PBXVariantGroup;
			children = (
				60E443721999B44C00E2A4F1 /* en */,
			);
			name = InfoPlist.strings;
			sourceTree = "<group>";
		};
		60E4438A1999B44D00E2A4F1 /* InfoPlist.strings */ = {
			isa = PBXVariantGroup;
			children = (
				60E4438B1999B44D00E2A4F1 /* en */,
			);
			name = InfoPlist.strings;
			sourceTree = "<group>";
		};
/* End PBXVariantGroup section */

/* Begin XCBuildConfiguration section */
		60E4438F1999B44D00E2A4F1 /* Debug */ = {
			isa = XCBuildConfiguration;
			buildSettings = {
				ALWAYS_SEARCH_USER_PATHS = NO;
				CLANG_CXX_LANGUAGE_STANDARD = "gnu++0x";
				CLANG_CXX_LIBRARY = "libc++";
				CLANG_ENABLE_MODULES = YES;
				CLANG_ENABLE_OBJC_ARC = YES;
				CLANG_WARN_BOOL_CONVERSION = YES;
				CLANG_WARN_CONSTANT_CONVERSION = YES;
				CLANG_WARN_DIRECT_OBJC_ISA_USAGE = YES_ERROR;
				CLANG_WARN_EMPTY_BODY = YES;
				CLANG_WARN_ENUM_CONVERSION = YES;
				CLANG_WARN_INT_CONVERSION = YES;
				CLANG_WARN_OBJC_ROOT_CLASS = YES_ERROR;
				CLANG_WARN__DUPLICATE_METHOD_MATCH = YES;
				"CODE_SIGN_IDENTITY[sdk=iphoneos*]" = "iPhone Developer";
				COPY_PHASE_STRIP = NO;
				GCC_C_LANGUAGE_STANDARD = gnu99;
				GCC_DYNAMIC_NO_PIC = NO;
				GCC_OPTIMIZATION_LEVEL = 0;
				GCC_PREPROCESSOR_DEFINITIONS = (
					"DEBUG=1",
					"$(inherited)",
				);
				GCC_SYMBOLS_PRIVATE_EXTERN = NO;
				GCC_WARN_64_TO_32_BIT_CONVERSION = YES;
				GCC_WARN_ABOUT_RETURN_TYPE = YES_ERROR;
				GCC_WARN_UNDECLARED_SELECTOR = YES;
				GCC_WARN_UNINITIALIZED_AUTOS = YES_AGGRESSIVE;
				GCC_WARN_UNUSED_FUNCTION = YES;
				GCC_WARN_UNUSED_VARIABLE = YES;
				IPHONEOS_DEPLOYMENT_TARGET = 7.1;
				ONLY_ACTIVE_ARCH = YES;
				SDKROOT = iphoneos;
				TARGETED_DEVICE_FAMILY = "1,2";
			};
			name = Debug;
		};
		60E443901999B44D00E2A4F1 /* Release */ = {
			isa = XCBuildConfiguration;
			buildSettings = {
				ALWAYS_SEARCH_USER_PATHS = NO;
				CLANG_CXX_LANGUAGE_STANDARD = "gnu++0x";
				CLANG_CXX_LIBRARY = "libc++";
				CLANG_ENABLE_MODULES = YES;
				CLANG_ENABLE_OBJC_ARC = YES;
				CLANG_WARN_BOOL_CONVERSION = YES;
				CLANG_WARN_CONSTANT_CONVERSION = YES;
				CLANG_WARN_DIRECT_OBJC_ISA_USAGE = YES_ERROR;
				CLANG_WARN_EMPTY_BODY = YES;
				CLANG_WARN_ENUM_CONVERSION = YES;
				CLANG_WARN_INT_CONVERSION = YES;
				CLANG_WARN_OBJC_ROOT_CLASS = YES_ERROR;
				CLANG_WARN__DUPLICATE_METHOD_MATCH = YES;
				"CODE_SIGN_IDENTITY[sdk=iphoneos*]" = "iPhone Developer";
				COPY_PHASE_STRIP = YES;
				ENABLE_NS_ASSERTIONS = NO;
				GCC_C_LANGUAGE_STANDARD = gnu99;
				GCC_WARN_64_TO_32_BIT_CONVERSION = YES;
				GCC_WARN_ABOUT_RETURN_TYPE = YES_ERROR;
				GCC_WARN_UNDECLARED_SELECTOR = YES;
				GCC_WARN_UNINITIALIZED_AUTOS = YES_AGGRESSIVE;
				GCC_WARN_UNUSED_FUNCTION = YES;
				GCC_WARN_UNUSED_VARIABLE = YES;
				IPHONEOS_DEPLOYMENT_TARGET = 7.1;
				SDKROOT = iphoneos;
				TARGETED_DEVICE_FAMILY = "1,2";
				VALIDATE_PRODUCT = YES;
			};
			name = Release;
		};
		60E443921999B44D00E2A4F1 /* Debug */ = {
			isa = XCBuildConfiguration;
			buildSettings = {
				ASSETCATALOG_COMPILER_APPICON_NAME = AppIcon;
				ASSETCATALOG_COMPILER_LAUNCHIMAGE_NAME = LaunchImage;
				GCC_PRECOMPILE_PREFIX_HEADER = YES;
				GCC_PREFIX_HEADER = "Wumbo/Wumbo-Prefix.pch";
				INFOPLIST_FILE = "Wumbo/Wumbo-Info.plist";
				PRODUCT_NAME = "$(TARGET_NAME)";
				WRAPPER_EXTENSION = app;
			};
			name = Debug;
		};
		60E443931999B44D00E2A4F1 /* Release */ = {
			isa = XCBuildConfiguration;
			buildSettings = {
				ASSETCATALOG_COMPILER_APPICON_NAME = AppIcon;
				ASSETCATALOG_COMPILER_LAUNCHIMAGE_NAME = LaunchImage;
				GCC_PRECOMPILE_PREFIX_HEADER = YES;
				GCC_PREFIX_HEADER = "Wumbo/Wumbo-Prefix.pch";
				INFOPLIST_FILE = "Wumbo/Wumbo-Info.plist";
				PRODUCT_NAME = "$(TARGET_NAME)";
				WRAPPER_EXTENSION = app;
			};
			name = Release;
		};
		60E443951999B44D00E2A4F1 /* Debug */ = {
			isa = XCBuildConfiguration;
			buildSettings = {
				BUNDLE_LOADER = "$(BUILT_PRODUCTS_DIR)/Wumbo.app/Wumbo";
				FRAMEWORK_SEARCH_PATHS = (
					"$(SDKROOT)/Developer/Library/Frameworks",
					"$(inherited)",
					"$(DEVELOPER_FRAMEWORKS_DIR)",
				);
				GCC_PRECOMPILE_PREFIX_HEADER = YES;
				GCC_PREFIX_HEADER = "Wumbo/Wumbo-Prefix.pch";
				GCC_PREPROCESSOR_DEFINITIONS = (
					"DEBUG=1",
					"$(inherited)",
				);
				INFOPLIST_FILE = "WumboTests/WumboTests-Info.plist";
				PRODUCT_NAME = "$(TARGET_NAME)";
				TEST_HOST = "$(BUNDLE_LOADER)";
				WRAPPER_EXTENSION = xctest;
			};
			name = Debug;
		};
		60E443961999B44D00E2A4F1 /* Release */ = {
			isa = XCBuildConfiguration;
			buildSettings = {
				BUNDLE_LOADER = "$(BUILT_PRODUCTS_DIR)/Wumbo.app/Wumbo";
				FRAMEWORK_SEARCH_PATHS = (
					"$(SDKROOT)/Developer/Library/Frameworks",
					"$(inherited)",
					"$(DEVELOPER_FRAMEWORKS_DIR)",
				);
				GCC_PRECOMPILE_PREFIX_HEADER = YES;
				GCC_PREFIX_HEADER = "Wumbo/Wumbo-Prefix.pch";
				INFOPLIST_FILE = "WumboTests/WumboTests-Info.plist";
				PRODUCT_NAME = "$(TARGET_NAME)";
				TEST_HOST = "$(BUNDLE_LOADER)";
				WRAPPER_EXTENSION = xctest;
			};
			name = Release;
		};
/* End XCBuildConfiguration section */

/* Begin XCConfigurationList section */
		60E443601999B44C00E2A4F1 /* Build configuration list for PBXProject "Wumbo" */ = {
			isa = XCConfigurationList;
			buildConfigurations = (
				60E4438F1999B44D00E2A4F1 /* Debug */,
				60E443901999B44D00E2A4F1 /* Release */,
			);
			defaultConfigurationIsVisible = 0;
			defaultConfigurationName = Release;
		};
		60E443911999B44D00E2A4F1 /* Build configuration list for PBXNativeTarget "Wumbo" */ = {
			isa = XCConfigurationList;
			buildConfigurations = (
				60E443921999B44D00E2A4F1 /* Debug */,
				60E443931999B44D00E2A4F1 /* Release */,
			);
			defaultConfigurationIsVisible = 0;
			defaultConfigurationName = Release;
		};
		60E443941999B44D00E2A4F1 /* Build configuration list for PBXNativeTarget "WumboTests" */ = {
			isa = XCConfigurationList;
			buildConfigurations = (
				60E443951999B44D00E2A4F1 /* Debug */,
				60E443961999B44D00E2A4F1 /* Release */,
			);
			defaultConfigurationIsVisible = 0;
			defaultConfigurationName = Release;
		};
/* End XCConfigurationList section */
	};
	rootObject = 60E4435D1999B44C00E2A4F1 /* Project object */;
}
